
Microsoft Visual Studio Solution File, Format Version 11.00
# Visual Studio 2010
Project("{FAE04EC0-301F-11D3-BF4B-00C04F79EFBC}") = "Assembly-CSharp", "Assembly-CSharp.csproj", "{0DDF6EBE-A0A1-DE49-5CFE-5FF35CD966A0}"
EndProject
Project("{FAE04EC0-301F-11D3-BF4B-00C04F79EFBC}") = "NavMeshComponents", "NavMeshComponents.csproj", "{6A52399C-3ADB-1782-3D2C-8BBACA9F05BC}"
EndProject
Project("{FAE04EC0-301F-11D3-BF4B-00C04F79EFBC}") = "Assembly-CSharp-Editor", "Assembly-CSharp-Editor.csproj", "{8736F3D1-E73C-0862-68E4-936E3D959855}"
EndProject
Project("{FAE04EC0-301F-11D3-BF4B-00C04F79EFBC}") = "NavMeshComponentsEditor", "NavMeshComponentsEditor.csproj", "{8E088EBF-2FA0-F822-4628-77D9FAD720B3}"
EndProject
Global
	GlobalSection(SolutionConfigurationPlatforms) = preSolution
		Debug|Any CPU = Debug|Any CPU
		Release|Any CPU = Release|Any CPU
	EndGlobalSection
	GlobalSection(ProjectConfigurationPlatforms) = postSolution
		{0DDF6EBE-A0A1-DE49-5CFE-5FF35CD966A0}.Debug|Any CPU.ActiveCfg = Debug|Any CPU
		{0DDF6EBE-A0A1-DE49-5CFE-5FF35CD966A0}.Debug|Any CPU.Build.0 = Debug|Any CPU
		{0DDF6EBE-A0A1-DE49-5CFE-5FF35CD966A0}.Release|Any CPU.ActiveCfg = Release|Any CPU
		{0DDF6EBE-A0A1-DE49-5CFE-5FF35CD966A0}.Release|Any CPU.Build.0 = Release|Any CPU
		{6A52399C-3ADB-1782-3D2C-8BBACA9F05BC}.Debug|Any CPU.ActiveCfg = Debug|Any CPU
		{6A52399C-3ADB-1782-3D2C-8BBACA9F05BC}.Debug|Any CPU.Build.0 = Debug|Any CPU
		{6A52399C-3ADB-1782-3D2C-8BBACA9F05BC}.Release|Any CPU.ActiveCfg = Release|Any CPU
		{6A52399C-3ADB-1782-3D2C-8BBACA9F05BC}.Release|Any CPU.Build.0 = Release|Any CPU
		{8736F3D1-E73C-0862-68E4-936E3D959855}.Debug|Any CPU.ActiveCfg = Debug|Any CPU
		{8736F3D1-E73C-0862-68E4-936E3D959855}.Debug|Any CPU.Build.0 = Debug|Any CPU
		{8736F3D1-E73C-0862-68E4-936E3D959855}.Release|Any CPU.ActiveCfg = Release|Any CPU
		{8736F3D1-E73C-0862-68E4-936E3D959855}.Release|Any CPU.Build.0 = Release|Any CPU
		{8E088EBF-2FA0-F822-4628-77D9FAD720B3}.Debug|Any CPU.ActiveCfg = Debug|Any CPU
		{8E088EBF-2FA0-F822-4628-77D9FAD720B3}.Debug|Any CPU.Build.0 = Debug|Any CPU
		{8E088EBF-2FA0-F822-4628-77D9FAD720B3}.Release|Any CPU.ActiveCfg = Release|Any CPU
		{8E088EBF-2FA0-F822-4628-77D9FAD720B3}.Release|Any CPU.Build.0 = Release|Any CPU
	EndGlobalSection
	GlobalSection(SolutionProperties) = preSolution
		HideSolutionNode = FALSE
	EndGlobalSection
	GlobalSection(MonoDevelopProperties) = preSolution
		StartupItem = Assembly-CSharp.csproj
	EndGlobalSection
EndGlobal
